{
  "name": "skillpress-tools",
  "lockfileVersion": 3,
  "requires": true,
  "packages": {
    "": {
      "name": "skillpress-tools",
      "dependencies": {
        "web-tree-sitter": "^0.26.0"
      },
      "engines": {
        "node": ">=20"
      }
    },
    "node_modules/web-tree-sitter": {
      "version": "0.26.0",
      "resolved": "https://registry.npmmirror.com/web-tree-sitter/-/web-tree-sitter-0.26.0.tgz",
      "integrity": "sha512-wGGAMnJEMF8wy33iEGxSvnyEOfVLzSaa3x6g66aEHsL/hsgFb6IVPrpacIordAMz198pE9qReCEqFUuM0pnfwg==",
      "deprecated": "Version 0.26.0 has been deprecated, please use 0.25.9 until a newer release comes out"
    }
  }
}
