{
  "name": "skillpress-tools",
  "lockfileVersion": 3,
  "requires": true,
  "packages": {
    "": {
      "name": "skillpress-tools",
      "dependencies": {
        "web-tree-sitter": "^0.27.0"
      },
      "engines": {
        "node": ">=20"
      }
    },
    "node_modules/web-tree-sitter": {
      "version": "0.27.0",
      "resolved": "https://registry.npmmirror.com/web-tree-sitter/-/web-tree-sitter-0.27.0.tgz",
      "integrity": "sha512-XK08gj6RwTMQatAG7uVRP8MunqotL/XC19vHgkSPKmELgbGPBj4ECvB8haHOUnyj6ls2B8t42UTro14zxGgAHg=="
    }
  }
}
